
Microsoft Visual Studio Solution File, Format Version 12.00
# Visual Studio Version 17
VisualStudioVersion = 17.1.32210.238
MinimumVisualStudioVersion = 10.0.40219.1
Project("{9A19103F-16F7-4668-BE54-9A1E7A4F7556}") = "OAuth20.Web", "OAuth20.Web\OAuth20.Web.csproj", "{4C82382B-95B5-4AA5-851A-3CF9A5702366}"
EndProject
Project("{FAE04EC0-301F-11D3-BF4B-00C04F79EFBC}") = "OAuth20.LineClient", "OAuth20.LineClient\OAuth20.LineClient.csproj", "{156B14EE-264C-433C-8B9B-A5F1D67AEFD5}"
EndProject
Global
	GlobalSection(SolutionConfigurationPlatforms) = preSolution
		Debug|Any CPU = Debug|Any CPU
		Release|Any CPU = Release|Any CPU
	EndGlobalSection
	GlobalSection(ProjectConfigurationPlatforms) = postSolution
		{4C82382B-95B5-4AA5-851A-3CF9A5702366}.Debug|Any CPU.ActiveCfg = Debug|Any CPU
		{4C82382B-95B5-4AA5-851A-3CF9A5702366}.Debug|Any CPU.Build.0 = Debug|Any CPU
		{4C82382B-95B5-4AA5-851A-3CF9A5702366}.Release|Any CPU.ActiveCfg = Release|Any CPU
		{4C82382B-95B5-4AA5-851A-3CF9A5702366}.Release|Any CPU.Build.0 = Release|Any CPU
		{156B14EE-264C-433C-8B9B-A5F1D67AEFD5}.Debug|Any CPU.ActiveCfg = Debug|Any CPU
		{156B14EE-264C-433C-8B9B-A5F1D67AEFD5}.Debug|Any CPU.Build.0 = Debug|Any CPU
		{156B14EE-264C-433C-8B9B-A5F1D67AEFD5}.Release|Any CPU.ActiveCfg = Release|Any CPU
		{156B14EE-264C-433C-8B9B-A5F1D67AEFD5}.Release|Any CPU.Build.0 = Release|Any CPU
	EndGlobalSection
	GlobalSection(SolutionProperties) = preSolution
		HideSolutionNode = FALSE
	EndGlobalSection
	GlobalSection(ExtensibilityGlobals) = postSolution
		SolutionGuid = {74EE53B3-EB54-414E-9145-8FCF672DC4B0}
	EndGlobalSection
EndGlobal
